// !$*UTF8*$!
{
	archiveVersion = 1;
	classes = {
	};
	objectVersion = 56;
	objects = {

/* Begin PBXBuildFile section */
		4C0F22C72AB8819600B3D274 /* CustomButtonStyle.swift in Sources */ = {isa = PBXBuildFile; fileRef = 4C0F22C62AB8819500B3D274 /* CustomButtonStyle.swift */; };
		4C0F22C92AB89C6200B3D274 /* NativeAdsList.swift in Sources */ = {isa = PBXBuildFile; fileRef = 4C0F22C82AB89C6200B3D274 /* NativeAdsList.swift */; };
		4C0F22CB2AB8A31200B3D274 /* NativeUIKitView.swift in Sources */ = {isa = PBXBuildFile; fileRef = 4C0F22CA2AB8A31200B3D274 /* NativeUIKitView.swift */; };
		4C82A12D2AB5AFF500756FDE /* LocationManager.swift in Sources */ = {isa = PBXBuildFile; fileRef = 4C82A12C2AB5AFF500756FDE /* LocationManager.swift */; };
		4C82A1312AB5B86C00756FDE /* AdConstants.swift in Sources */ = {isa = PBXBuildFile; fileRef = 4C82A1302AB5B86C00756FDE /* AdConstants.swift */; };
		4C82A1332AB5BE5B00756FDE /* AdProvider.swift in Sources */ = {isa = PBXBuildFile; fileRef = 4C82A1322AB5BE5B00756FDE /* AdProvider.swift */; };
		4C82A13D2AB6DF8A00756FDE /* Extensions.swift in Sources */ = {isa = PBXBuildFile; fileRef = 4C82A13C2AB6DF8A00756FDE /* Extensions.swift */; };
		4C8651C32AB5A01600CF18E2 /* AppodealTestApp.swift in Sources */ = {isa = PBXBuildFile; fileRef = 4C8651C22AB5A01600CF18E2 /* AppodealTestApp.swift */; };
		4C8651C52AB5A01600CF18E2 /* ContentView.swift in Sources */ = {isa = PBXBuildFile; fileRef = 4C8651C42AB5A01600CF18E2 /* ContentView.swift */; };
		4C8651C72AB5A01700CF18E2 /* Assets.xcassets in Resources */ = {isa = PBXBuildFile; fileRef = 4C8651C62AB5A01700CF18E2 /* Assets.xcassets */; };
		4C8651CA2AB5A01700CF18E2 /* Preview Assets.xcassets in Resources */ = {isa = PBXBuildFile; fileRef = 4C8651C92AB5A01700CF18E2 /* Preview Assets.xcassets */; };
		4C8FA4B82AB9F74E000FE267 /* ArticleDataModel.swift in Sources */ = {isa = PBXBuildFile; fileRef = 4C8FA4B72AB9F74E000FE267 /* ArticleDataModel.swift */; };
		4CB467612AB9F59A00EC2EF3 /* ArticleView.swift in Sources */ = {isa = PBXBuildFile; fileRef = 4CB467602AB9F59A00EC2EF3 /* ArticleView.swift */; };
		4CB9B9592AB8D5D900BDB8DD /* Native.xib in Resources */ = {isa = PBXBuildFile; fileRef = 4CB9B9582AB8D5D900BDB8DD /* Native.xib */; };
		7562156C1F5D1689976390FD /* Pods_AppodealTest.framework in Frameworks */ = {isa = PBXBuildFile; fileRef = 4DE512AF5A10B9CD623EB794 /* Pods_AppodealTest.framework */; };
/* End PBXBuildFile section */

/* Begin PBXFileReference section */
		4C0F22C62AB8819500B3D274 /* CustomButtonStyle.swift */ = {isa = PBXFileReference; lastKnownFileType = sourcecode.swift; path = CustomButtonStyle.swift; sourceTree = "<group>"; };
		4C0F22C82AB89C6200B3D274 /* NativeAdsList.swift */ = {isa = PBXFileReference; lastKnownFileType = sourcecode.swift; path = NativeAdsList.swift; sourceTree = "<group>"; };
		4C0F22CA2AB8A31200B3D274 /* NativeUIKitView.swift */ = {isa = PBXFileReference; lastKnownFileType = sourcecode.swift; path = NativeUIKitView.swift; sourceTree = "<group>"; };
		4C82A12B2AB5A58800756FDE /* Info.plist */ = {isa = PBXFileReference; lastKnownFileType = text.plist; path = Info.plist; sourceTree = "<group>"; };
		4C82A12C2AB5AFF500756FDE /* LocationManager.swift */ = {isa = PBXFileReference; lastKnownFileType = sourcecode.swift; path = LocationManager.swift; sourceTree = "<group>"; };
		4C82A1302AB5B86C00756FDE /* AdConstants.swift */ = {isa = PBXFileReference; lastKnownFileType = sourcecode.swift; path = AdConstants.swift; sourceTree = "<group>"; };
		4C82A1322AB5BE5B00756FDE /* AdProvider.swift */ = {isa = PBXFileReference; lastKnownFileType = sourcecode.swift; path = AdProvider.swift; sourceTree = "<group>"; };
		4C82A13C2AB6DF8A00756FDE /* Extensions.swift */ = {isa = PBXFileReference; lastKnownFileType = sourcecode.swift; path = Extensions.swift; sourceTree = "<group>"; };
		4C8651BF2AB5A01600CF18E2 /* AppodealTest.app */ = {isa = PBXFileReference; explicitFileType = wrapper.application; includeInIndex = 0; path = AppodealTest.app; sourceTree = BUILT_PRODUCTS_DIR; };
		4C8651C22AB5A01600CF18E2 /* AppodealTestApp.swift */ = {isa = PBXFileReference; lastKnownFileType = sourcecode.swift; path = AppodealTestApp.swift; sourceTree = "<group>"; };
		4C8651C42AB5A01600CF18E2 /* ContentView.swift */ = {isa = PBXFileReference; lastKnownFileType = sourcecode.swift; path = ContentView.swift; sourceTree = "<group>"; };
		4C8651C62AB5A01700CF18E2 /* Assets.xcassets */ = {isa = PBXFileReference; lastKnownFileType = folder.assetcatalog; path = Assets.xcassets; sourceTree = "<group>"; };
		4C8651C92AB5A01700CF18E2 /* Preview Assets.xcassets */ = {isa = PBXFileReference; lastKnownFileType = folder.assetcatalog; path = "Preview Assets.xcassets"; sourceTree = "<group>"; };
		4C8FA4B72AB9F74E000FE267 /* ArticleDataModel.swift */ = {isa = PBXFileReference; lastKnownFileType = sourcecode.swift; path = ArticleDataModel.swift; sourceTree = "<group>"; };
		4CB467602AB9F59A00EC2EF3 /* ArticleView.swift */ = {isa = PBXFileReference; lastKnownFileType = sourcecode.swift; path = ArticleView.swift; sourceTree = "<group>"; };
		4CB9B9582AB8D5D900BDB8DD /* Native.xib */ = {isa = PBXFileReference; fileEncoding = 4; lastKnownFileType = file.xib; path = Native.xib; sourceTree = "<group>"; };
		4DE512AF5A10B9CD623EB794 /* Pods_AppodealTest.framework */ = {isa = PBXFileReference; explicitFileType = wrapper.framework; includeInIndex = 0; path = Pods_AppodealTest.framework; sourceTree = BUILT_PRODUCTS_DIR; };
		730C2CF509D0211E4E30732A /* Pods-AppodealTest.release.xcconfig */ = {isa = PBXFileReference; includeInIndex = 1; lastKnownFileType = text.xcconfig; name = "Pods-AppodealTest.release.xcconfig"; path = "Target Support Files/Pods-AppodealTest/Pods-AppodealTest.release.xcconfig"; sourceTree = "<group>"; };
		8B0794672117459742B19384 /* Pods-AppodealTest.debug.xcconfig */ = {isa = PBXFileReference; includeInIndex = 1; lastKnownFileType = text.xcconfig; name = "Pods-AppodealTest.debug.xcconfig"; path = "Target Support Files/Pods-AppodealTest/Pods-AppodealTest.debug.xcconfig"; sourceTree = "<group>"; };
/* End PBXFileReference section */

/* Begin PBXFrameworksBuildPhase section */
		4C8651BC2AB5A01600CF18E2 /* Frameworks */ = {
			isa = PBXFrameworksBuildPhase;
			buildActionMask = 2147483647;
			files = (
				7562156C1F5D1689976390FD /* Pods_AppodealTest.framework in Frameworks */,
			);
			runOnlyForDeploymentPostprocessing = 0;
		};
/* End PBXFrameworksBuildPhase section */

/* Begin PBXGroup section */
		414DF2CA93E298E386A17F91 /* Pods */ = {
			isa = PBXGroup;
			children = (
				8B0794672117459742B19384 /* Pods-AppodealTest.debug.xcconfig */,
				730C2CF509D0211E4E30732A /* Pods-AppodealTest.release.xcconfig */,
			);
			path = Pods;
			sourceTree = "<group>";
		};
		4C8651B62AB5A01600CF18E2 = {
			isa = PBXGroup;
			children = (
				4C8651C12AB5A01600CF18E2 /* AppodealTest */,
				4C8651C02AB5A01600CF18E2 /* Products */,
				414DF2CA93E298E386A17F91 /* Pods */,
				EC24C478F2456EFAC3DA30A7 /* Frameworks */,
			);
			sourceTree = "<group>";
		};
		4C8651C02AB5A01600CF18E2 /* Products */ = {
			isa = PBXGroup;
			children = (
				4C8651BF2AB5A01600CF18E2 /* AppodealTest.app */,
			);
			name = Products;
			sourceTree = "<group>";
		};
		4C8651C12AB5A01600CF18E2 /* AppodealTest */ = {
			isa = PBXGroup;
			children = (
				4C82A12B2AB5A58800756FDE /* Info.plist */,
				4C8651C22AB5A01600CF18E2 /* AppodealTestApp.swift */,
				4C82A1322AB5BE5B00756FDE /* AdProvider.swift */,
				4C82A13C2AB6DF8A00756FDE /* Extensions.swift */,
				4C82A1302AB5B86C00756FDE /* AdConstants.swift */,
				4C82A12C2AB5AFF500756FDE /* LocationManager.swift */,
				4C8651C42AB5A01600CF18E2 /* ContentView.swift */,
				4C0F22C82AB89C6200B3D274 /* NativeAdsList.swift */,
				4CB467602AB9F59A00EC2EF3 /* ArticleView.swift */,
				4C8FA4B72AB9F74E000FE267 /* ArticleDataModel.swift */,
				4CB9B9582AB8D5D900BDB8DD /* Native.xib */,
				4C0F22CA2AB8A31200B3D274 /* NativeUIKitView.swift */,
				4C0F22C62AB8819500B3D274 /* CustomButtonStyle.swift */,
				4C8651C62AB5A01700CF18E2 /* Assets.xcassets */,
				4C8651C82AB5A01700CF18E2 /* Preview Content */,
			);
			path = AppodealTest;
			sourceTree = "<group>";
		};
		4C8651C82AB5A01700CF18E2 /* Preview Content */ = {
			isa = PBXGroup;
			children = (
				4C8651C92AB5A01700CF18E2 /* Preview Assets.xcassets */,
			);
			path = "Preview Content";
			sourceTree = "<group>";
		};
		EC24C478F2456EFAC3DA30A7 /* Frameworks */ = {
			isa = PBXGroup;
			children = (
				4DE512AF5A10B9CD623EB794 /* Pods_AppodealTest.framework */,
			);
			name = Frameworks;
			sourceTree = "<group>";
		};
/* End PBXGroup section */

/* Begin PBXNativeTarget section */
		4C8651BE2AB5A01600CF18E2 /* AppodealTest */ = {
			isa = PBXNativeTarget;
			buildConfigurationList = 4C8651CD2AB5A01700CF18E2 /* Build configuration list for PBXNativeTarget "AppodealTest" */;
			buildPhases = (
				F7AFDBEB1FE2C6F74D64DF4A /* [CP] Check Pods Manifest.lock */,
				4C8651BB2AB5A01600CF18E2 /* Sources */,
				4C8651BC2AB5A01600CF18E2 /* Frameworks */,
				4C8651BD2AB5A01600CF18E2 /* Resources */,
				63FE242C440B1FF229A22ADF /* [CP] Embed Pods Frameworks */,
				E38B7B888F3AC46B8E16A822 /* [CP] Copy Pods Resources */,
			);
			buildRules = (
			);
			dependencies = (
			);
			name = AppodealTest;
			productName = AppodealTest;
			productReference = 4C8651BF2AB5A01600CF18E2 /* AppodealTest.app */;
			productType = "com.apple.product-type.application";
		};
/* End PBXNativeTarget section */

/* Begin PBXProject section */
		4C8651B72AB5A01600CF18E2 /* Project object */ = {
			isa = PBXProject;
			attributes = {
				BuildIndependentTargetsInParallel = 1;
				LastSwiftUpdateCheck = 1430;
				LastUpgradeCheck = 1430;
				TargetAttributes = {
					4C8651BE2AB5A01600CF18E2 = {
						CreatedOnToolsVersion = 14.3.1;
					};
				};
			};
			buildConfigurationList = 4C8651BA2AB5A01600CF18E2 /* Build configuration list for PBXProject "AppodealTest" */;
			compatibilityVersion = "Xcode 14.0";
			developmentRegion = en;
			hasScannedForEncodings = 0;
			knownRegions = (
				en,
				Base,
			);
			mainGroup = 4C8651B62AB5A01600CF18E2;
			productRefGroup = 4C8651C02AB5A01600CF18E2 /* Products */;
			projectDirPath = "";
			projectRoot = "";
			targets = (
				4C8651BE2AB5A01600CF18E2 /* AppodealTest */,
			);
		};
/* End PBXProject section */

/* Begin PBXResourcesBuildPhase section */
		4C8651BD2AB5A01600CF18E2 /* Resources */ = {
			isa = PBXResourcesBuildPhase;
			buildActionMask = 2147483647;
			files = (
				4C8651CA2AB5A01700CF18E2 /* Preview Assets.xcassets in Resources */,
				4CB9B9592AB8D5D900BDB8DD /* Native.xib in Resources */,
				4C8651C72AB5A01700CF18E2 /* Assets.xcassets in Resources */,
			);
			runOnlyForDeploymentPostprocessing = 0;
		};
/* End PBXResourcesBuildPhase section */

/* Begin PBXShellScriptBuildPhase section */
		63FE242C440B1FF229A22ADF /* [CP] Embed Pods Frameworks */ = {
			isa = PBXShellScriptBuildPhase;
			buildActionMask = 2147483647;
			files = (
			);
			inputFileListPaths = (
				"${PODS_ROOT}/Target Support Files/Pods-AppodealTest/Pods-AppodealTest-frameworks-${CONFIGURATION}-input-files.xcfilelist",
			);
			name = "[CP] Embed Pods Frameworks";
			outputFileListPaths = (
				"${PODS_ROOT}/Target Support Files/Pods-AppodealTest/Pods-AppodealTest-frameworks-${CONFIGURATION}-output-files.xcfilelist",
			);
			runOnlyForDeploymentPostprocessing = 0;
			shellPath = /bin/sh;
			shellScript = "\"${PODS_ROOT}/Target Support Files/Pods-AppodealTest/Pods-AppodealTest-frameworks.sh\"\n";
			showEnvVarsInLog = 0;
		};
		E38B7B888F3AC46B8E16A822 /* [CP] Copy Pods Resources */ = {
			isa = PBXShellScriptBuildPhase;
			buildActionMask = 2147483647;
			files = (
			);
			inputFileListPaths = (
				"${PODS_ROOT}/Target Support Files/Pods-AppodealTest/Pods-AppodealTest-resources-${CONFIGURATION}-input-files.xcfilelist",
			);
			name = "[CP] Copy Pods Resources";
			outputFileListPaths = (
				"${PODS_ROOT}/Target Support Files/Pods-AppodealTest/Pods-AppodealTest-resources-${CONFIGURATION}-output-files.xcfilelist",
			);
			runOnlyForDeploymentPostprocessing = 0;
			shellPath = /bin/sh;
			shellScript = "\"${PODS_ROOT}/Target Support Files/Pods-AppodealTest/Pods-AppodealTest-resources.sh\"\n";
			showEnvVarsInLog = 0;
		};
		F7AFDBEB1FE2C6F74D64DF4A /* [CP] Check Pods Manifest.lock */ = {
			isa = PBXShellScriptBuildPhase;
			buildActionMask = 2147483647;
			files = (
			);
			inputFileListPaths = (
			);
			inputPaths = (
				"${PODS_PODFILE_DIR_PATH}/Podfile.lock",
				"${PODS_ROOT}/Manifest.lock",
			);
			name = "[CP] Check Pods Manifest.lock";
			outputFileListPaths = (
			);
			outputPaths = (
				"$(DERIVED_FILE_DIR)/Pods-AppodealTest-checkManifestLockResult.txt",
			);
			runOnlyForDeploymentPostprocessing = 0;
			shellPath = /bin/sh;
			shellScript = "diff \"${PODS_PODFILE_DIR_PATH}/Podfile.lock\" \"${PODS_ROOT}/Manifest.lock\" > /dev/null\nif [ $? != 0 ] ; then\n    # print error to STDERR\n    echo \"error: The sandbox is not in sync with the Podfile.lock. Run 'pod install' or update your CocoaPods installation.\" >&2\n    exit 1\nfi\n# This output is used by Xcode 'outputs' to avoid re-running this script phase.\necho \"SUCCESS\" > \"${SCRIPT_OUTPUT_FILE_0}\"\n";
			showEnvVarsInLog = 0;
		};
/* End PBXShellScriptBuildPhase section */

/* Begin PBXSourcesBuildPhase section */
		4C8651BB2AB5A01600CF18E2 /* Sources */ = {
			isa = PBXSourcesBuildPhase;
			buildActionMask = 2147483647;
			files = (
				4C8FA4B82AB9F74E000FE267 /* ArticleDataModel.swift in Sources */,
				4C82A1332AB5BE5B00756FDE /* AdProvider.swift in Sources */,
				4C0F22C92AB89C6200B3D274 /* NativeAdsList.swift in Sources */,
				4C82A13D2AB6DF8A00756FDE /* Extensions.swift in Sources */,
				4C82A1312AB5B86C00756FDE /* AdConstants.swift in Sources */,
				4C8651C52AB5A01600CF18E2 /* ContentView.swift in Sources */,
				4C8651C32AB5A01600CF18E2 /* AppodealTestApp.swift in Sources */,
				4CB467612AB9F59A00EC2EF3 /* ArticleView.swift in Sources */,
				4C0F22C72AB8819600B3D274 /* CustomButtonStyle.swift in Sources */,
				4C82A12D2AB5AFF500756FDE /* LocationManager.swift in Sources */,
				4C0F22CB2AB8A31200B3D274 /* NativeUIKitView.swift in Sources */,
			);
			runOnlyForDeploymentPostprocessing = 0;
		};
/* End PBXSourcesBuildPhase section */

/* Begin XCBuildConfiguration section */
		4C8651CB2AB5A01700CF18E2 /* Debug */ = {
			isa = XCBuildConfiguration;
			buildSettings = {
				ALWAYS_SEARCH_USER_PATHS = NO;
				CLANG_ANALYZER_NONNULL = YES;
				CLANG_ANALYZER_NUMBER_OBJECT_CONVERSION = YES_AGGRESSIVE;
				CLANG_CXX_LANGUAGE_STANDARD = "gnu++20";
				CLANG_ENABLE_MODULES = YES;
				CLANG_ENABLE_OBJC_ARC = YES;
				CLANG_ENABLE_OBJC_WEAK = YES;
				CLANG_WARN_BLOCK_CAPTURE_AUTORELEASING = YES;
				CLANG_WARN_BOOL_CONVERSION = YES;
				CLANG_WARN_COMMA = YES;
				CLANG_WARN_CONSTANT_CONVERSION = YES;
				CLANG_WARN_DEPRECATED_OBJC_IMPLEMENTATIONS = YES;
				CLANG_WARN_DIRECT_OBJC_ISA_USAGE = YES_ERROR;
				CLANG_WARN_DOCUMENTATION_COMMENTS = YES;
				CLANG_WARN_EMPTY_BODY = YES;
				CLANG_WARN_ENUM_CONVERSION = YES;
				CLANG_WARN_INFINITE_RECURSION = YES;
				CLANG_WARN_INT_CONVERSION = YES;
				CLANG_WARN_NON_LITERAL_NULL_CONVERSION = YES;
				CLANG_WARN_OBJC_IMPLICIT_RETAIN_SELF = YES;
				CLANG_WARN_OBJC_LITERAL_CONVERSION = YES;
				CLANG_WARN_OBJC_ROOT_CLASS = YES_ERROR;
				CLANG_WARN_QUOTED_INCLUDE_IN_FRAMEWORK_HEADER = YES;
				CLANG_WARN_RANGE_LOOP_ANALYSIS = YES;
				CLANG_WARN_STRICT_PROTOTYPES = YES;
				CLANG_WARN_SUSPICIOUS_MOVE = YES;
				CLANG_WARN_UNGUARDED_AVAILABILITY = YES_AGGRESSIVE;
				CLANG_WARN_UNREACHABLE_CODE = YES;
				CLANG_WARN__DUPLICATE_METHOD_MATCH = YES;
				COPY_PHASE_STRIP = NO;
				DEBUG_INFORMATION_FORMAT = dwarf;
				ENABLE_STRICT_OBJC_MSGSEND = YES;
				ENABLE_TESTABILITY = YES;
				GCC_C_LANGUAGE_STANDARD = gnu11;
				GCC_DYNAMIC_NO_PIC = NO;
				GCC_NO_COMMON_BLOCKS = YES;
				GCC_OPTIMIZATION_LEVEL = 0;
				GCC_PREPROCESSOR_DEFINITIONS = (
					"DEBUG=1",
					"$(inherited)",
				);
				GCC_WARN_64_TO_32_BIT_CONVERSION = YES;
				GCC_WARN_ABOUT_RETURN_TYPE = YES_ERROR;
				GCC_WARN_UNDECLARED_SELECTOR = YES;
				GCC_WARN_UNINITIALIZED_AUTOS = YES_AGGRESSIVE;
				GCC_WARN_UNUSED_FUNCTION = YES;
				GCC_WARN_UNUSED_VARIABLE = YES;
				IPHONEOS_DEPLOYMENT_TARGET = 16.4;
				MTL_ENABLE_DEBUG_INFO = INCLUDE_SOURCE;
				MTL_FAST_MATH = YES;
				ONLY_ACTIVE_ARCH = YES;
				SDKROOT = iphoneos;
				SWIFT_ACTIVE_COMPILATION_CONDITIONS = DEBUG;
				SWIFT_OPTIMIZATION_LEVEL = "-Onone";
			};
			name = Debug;
		};
		4C8651CC2AB5A01700CF18E2 /* Release */ = {
			isa = XCBuildConfiguration;
			buildSettings = {
				ALWAYS_SEARCH_USER_PATHS = NO;
				CLANG_ANALYZER_NONNULL = YES;
				CLANG_ANALYZER_NUMBER_OBJECT_CONVERSION = YES_AGGRESSIVE;
				CLANG_CXX_LANGUAGE_STANDARD = "gnu++20";
				CLANG_ENABLE_MODULES = YES;
				CLANG_ENABLE_OBJC_ARC = YES;
				CLANG_ENABLE_OBJC_WEAK = YES;
				CLANG_WARN_BLOCK_CAPTURE_AUTORELEASING = YES;
				CLANG_WARN_BOOL_CONVERSION = YES;
				CLANG_WARN_COMMA = YES;
				CLANG_WARN_CONSTANT_CONVERSION = YES;
				CLANG_WARN_DEPRECATED_OBJC_IMPLEMENTATIONS = YES;
				CLANG_WARN_DIRECT_OBJC_ISA_USAGE = YES_ERROR;
				CLANG_WARN_DOCUMENTATION_COMMENTS = YES;
				CLANG_WARN_EMPTY_BODY = YES;
				CLANG_WARN_ENUM_CONVERSION = YES;
				CLANG_WARN_INFINITE_RECURSION = YES;
				CLANG_WARN_INT_CONVERSION = YES;
				CLANG_WARN_NON_LITERAL_NULL_CONVERSION = YES;
				CLANG_WARN_OBJC_IMPLICIT_RETAIN_SELF = YES;
				CLANG_WARN_OBJC_LITERAL_CONVERSION = YES;
				CLANG_WARN_OBJC_ROOT_CLASS = YES_ERROR;
				CLANG_WARN_QUOTED_INCLUDE_IN_FRAMEWORK_HEADER = YES;
				CLANG_WARN_RANGE_LOOP_ANALYSIS = YES;
				CLANG_WARN_STRICT_PROTOTYPES = YES;
				CLANG_WARN_SUSPICIOUS_MOVE = YES;
				CLANG_WARN_UNGUARDED_AVAILABILITY = YES_AGGRESSIVE;
				CLANG_WARN_UNREACHABLE_CODE = YES;
				CLANG_WARN__DUPLICATE_METHOD_MATCH = YES;
				COPY_PHASE_STRIP = NO;
				DEBUG_INFORMATION_FORMAT = "dwarf-with-dsym";
				ENABLE_NS_ASSERTIONS = NO;
				ENABLE_STRICT_OBJC_MSGSEND = YES;
				GCC_C_LANGUAGE_STANDARD = gnu11;
				GCC_NO_COMMON_BLOCKS = YES;
				GCC_WARN_64_TO_32_BIT_CONVERSION = YES;
				GCC_WARN_ABOUT_RETURN_TYPE = YES_ERROR;
				GCC_WARN_UNDECLARED_SELECTOR = YES;
				GCC_WARN_UNINITIALIZED_AUTOS = YES_AGGRESSIVE;
				GCC_WARN_UNUSED_FUNCTION = YES;
				GCC_WARN_UNUSED_VARIABLE = YES;
				IPHONEOS_DEPLOYMENT_TARGET = 16.4;
				MTL_ENABLE_DEBUG_INFO = NO;
				MTL_FAST_MATH = YES;
				SDKROOT = iphoneos;
				SWIFT_COMPILATION_MODE = wholemodule;
				SWIFT_OPTIMIZATION_LEVEL = "-O";
				VALIDATE_PRODUCT = YES;
			};
			name = Release;
		};
		4C8651CE2AB5A01700CF18E2 /* Debug */ = {
			isa = XCBuildConfiguration;
			baseConfigurationReference = 8B0794672117459742B19384 /* Pods-AppodealTest.debug.xcconfig */;
			buildSettings = {
				ASSETCATALOG_COMPILER_APPICON_NAME = AppIcon;
				ASSETCATALOG_COMPILER_GLOBAL_ACCENT_COLOR_NAME = AccentColor;
				CODE_SIGN_STYLE = Automatic;
				CURRENT_PROJECT_VERSION = 1;
				DEVELOPMENT_ASSET_PATHS = "\"AppodealTest/Preview Content\"";
				DEVELOPMENT_TEAM = Q3P95MDH6Q;
				ENABLE_PREVIEWS = YES;
				GENERATE_INFOPLIST_FILE = YES;
				INFOPLIST_FILE = AppodealTest/Info.plist;
				INFOPLIST_KEY_UIApplicationSceneManifest_Generation = YES;
				INFOPLIST_KEY_UIApplicationSupportsIndirectInputEvents = YES;
				INFOPLIST_KEY_UILaunchScreen_Generation = YES;
				INFOPLIST_KEY_UISupportedInterfaceOrientations_iPad = "UIInterfaceOrientationPortrait UIInterfaceOrientationPortraitUpsideDown UIInterfaceOrientationLandscapeLeft UIInterfaceOrientationLandscapeRight";
				INFOPLIST_KEY_UISupportedInterfaceOrientations_iPhone = "UIInterfaceOrientationPortrait UIInterfaceOrientationLandscapeLeft UIInterfaceOrientationLandscapeRight";
				LD_RUNPATH_SEARCH_PATHS = (
					"$(inherited)",
					"@executable_path/Frameworks",
				);
				MARKETING_VERSION = 1.0;
				PRODUCT_BUNDLE_IDENTIFIER = none.AppodealTest;
				PRODUCT_NAME = "$(TARGET_NAME)";
				SWIFT_EMIT_LOC_STRINGS = YES;
				SWIFT_VERSION = 5.0;
				TARGETED_DEVICE_FAMILY = "1,2";
			};
			name = Debug;
		};
		4C8651CF2AB5A01700CF18E2 /* Release */ = {
			isa = XCBuildConfiguration;
			baseConfigurationReference = 730C2CF509D0211E4E30732A /* Pods-AppodealTest.release.xcconfig */;
			buildSettings = {
				ASSETCATALOG_COMPILER_APPICON_NAME = AppIcon;
				ASSETCATALOG_COMPILER_GLOBAL_ACCENT_COLOR_NAME = AccentColor;
				CODE_SIGN_STYLE = Automatic;
				CURRENT_PROJECT_VERSION = 1;
				DEVELOPMENT_ASSET_PATHS = "\"AppodealTest/Preview Content\"";
				DEVELOPMENT_TEAM = Q3P95MDH6Q;
				ENABLE_PREVIEWS = YES;
				GENERATE_INFOPLIST_FILE = YES;
				INFOPLIST_FILE = AppodealTest/Info.plist;
				INFOPLIST_KEY_UIApplicationSceneManifest_Generation = YES;
				INFOPLIST_KEY_UIApplicationSupportsIndirectInputEvents = YES;
				INFOPLIST_KEY_UILaunchScreen_Generation = YES;
				INFOPLIST_KEY_UISupportedInterfaceOrientations_iPad = "UIInterfaceOrientationPortrait UIInterfaceOrientationPortraitUpsideDown UIInterfaceOrientationLandscapeLeft UIInterfaceOrientationLandscapeRight";
				INFOPLIST_KEY_UISupportedInterfaceOrientations_iPhone = "UIInterfaceOrientationPortrait UIInterfaceOrientationLandscapeLeft UIInterfaceOrientationLandscapeRight";
				LD_RUNPATH_SEARCH_PATHS = (
					"$(inherited)",
					"@executable_path/Frameworks",
				);
				MARKETING_VERSION = 1.0;
				PRODUCT_BUNDLE_IDENTIFIER = none.AppodealTest;
				PRODUCT_NAME = "$(TARGET_NAME)";
				SWIFT_EMIT_LOC_STRINGS = YES;
				SWIFT_VERSION = 5.0;
				TARGETED_DEVICE_FAMILY = "1,2";
			};
			name = Release;
		};
/* End XCBuildConfiguration section */

/* Begin XCConfigurationList section */
		4C8651BA2AB5A01600CF18E2 /* Build configuration list for PBXProject "AppodealTest" */ = {
			isa = XCConfigurationList;
			buildConfigurations = (
				4C8651CB2AB5A01700CF18E2 /* Debug */,
				4C8651CC2AB5A01700CF18E2 /* Release */,
			);
			defaultConfigurationIsVisible = 0;
			defaultConfigurationName = Release;
		};
		4C8651CD2AB5A01700CF18E2 /* Build configuration list for PBXNativeTarget "AppodealTest" */ = {
			isa = XCConfigurationList;
			buildConfigurations = (
				4C8651CE2AB5A01700CF18E2 /* Debug */,
				4C8651CF2AB5A01700CF18E2 /* Release */,
			);
			defaultConfigurationIsVisible = 0;
			defaultConfigurationName = Release;
		};
/* End XCConfigurationList section */
	};
	rootObject = 4C8651B72AB5A01600CF18E2 /* Project object */;
}
